
Microsoft Visual Studio Solution File, Format Version 12.00
# Visual Studio Version 17
VisualStudioVersion = 17.7.34031.279
MinimumVisualStudioVersion = 10.0.40219.1
Project("{FAE04EC0-301F-11D3-BF4B-00C04F79EFBC}") = "WpfAppGlobalShoes", "WpfAppGlobalShoes\WpfAppGlobalShoes.csproj", "{96261B8C-2C52-482C-A391-9CC2F3F91488}"
EndProject
Global
	GlobalSection(SolutionConfigurationPlatforms) = preSolution
		Debug|Any CPU = Debug|Any CPU
		Release|Any CPU = Release|Any CPU
	EndGlobalSection
	GlobalSection(ProjectConfigurationPlatforms) = postSolution
		{96261B8C-2C52-482C-A391-9CC2F3F91488}.Debug|Any CPU.ActiveCfg = Debug|Any CPU
		{96261B8C-2C52-482C-A391-9CC2F3F91488}.Debug|Any CPU.Build.0 = Debug|Any CPU
		{96261B8C-2C52-482C-A391-9CC2F3F91488}.Release|Any CPU.ActiveCfg = Release|Any CPU
		{96261B8C-2C52-482C-A391-9CC2F3F91488}.Release|Any CPU.Build.0 = Release|Any CPU
	EndGlobalSection
	GlobalSection(SolutionProperties) = preSolution
		HideSolutionNode = FALSE
	EndGlobalSection
	GlobalSection(ExtensibilityGlobals) = postSolution
		SolutionGuid = {DA035A69-90D8-4208-98C1-DA9BA376EC7E}
	EndGlobalSection
EndGlobal
